
Microsoft Visual Studio Solution File, Format Version 12.00
# Visual Studio Version 16
VisualStudioVersion = 16.0.33328.57
MinimumVisualStudioVersion = 10.0.40219.1
Project("{FAE04EC0-301F-11D3-BF4B-00C04F79EFBC}") = "Contact_Project", "Contact_Project\Contact_Project.csproj", "{4DCBCDBC-BE05-461B-B1BB-59D9D0B4CDAC}"
EndProject
Global
	GlobalSection(SolutionConfigurationPlatforms) = preSolution
		Debug|Any CPU = Debug|Any CPU
		Release|Any CPU = Release|Any CPU
	EndGlobalSection
	GlobalSection(ProjectConfigurationPlatforms) = postSolution
		{4DCBCDBC-BE05-461B-B1BB-59D9D0B4CDAC}.Debug|Any CPU.ActiveCfg = Debug|Any CPU
		{4DCBCDBC-BE05-461B-B1BB-59D9D0B4CDAC}.Debug|Any CPU.Build.0 = Debug|Any CPU
		{4DCBCDBC-BE05-461B-B1BB-59D9D0B4CDAC}.Release|Any CPU.ActiveCfg = Release|Any CPU
		{4DCBCDBC-BE05-461B-B1BB-59D9D0B4CDAC}.Release|Any CPU.Build.0 = Release|Any CPU
	EndGlobalSection
	GlobalSection(SolutionProperties) = preSolution
		HideSolutionNode = FALSE
	EndGlobalSection
	GlobalSection(ExtensibilityGlobals) = postSolution
		SolutionGuid = {3F6E5672-7CD7-4719-A407-9290E9F306C8}
	EndGlobalSection
EndGlobal
